// !$*UTF8*$!
{
	archiveVersion = 1;
	classes = {
	};
	objectVersion = 52;
	objects = {

/* Begin PBXBuildFile section */
		3E6303342643BDCA007EF632 /* AppDelegate.swift in Sources */ = {isa = PBXBuildFile; fileRef = 3E6303332643BDCA007EF632 /* AppDelegate.swift */; };
		3E6303362643BDCA007EF632 /* SceneDelegate.swift in Sources */ = {isa = PBXBuildFile; fileRef = 3E6303352643BDCA007EF632 /* SceneDelegate.swift */; };
		3E6303382643BDCA007EF632 /* ViewController.swift in Sources */ = {isa = PBXBuildFile; fileRef = 3E6303372643BDCA007EF632 /* ViewController.swift */; };
		3E63033B2643BDCA007EF632 /* Main.storyboard in Resources */ = {isa = PBXBuildFile; fileRef = 3E6303392643BDCA007EF632 /* Main.storyboard */; };
		3E63033D2643BDCC007EF632 /* Assets.xcassets in Resources */ = {isa = PBXBuildFile; fileRef = 3E63033C2643BDCC007EF632 /* Assets.xcassets */; };
		3E6303402643BDCC007EF632 /* LaunchScreen.storyboard in Resources */ = {isa = PBXBuildFile; fileRef = 3E63033E2643BDCC007EF632 /* LaunchScreen.storyboard */; };
		3E63034A2643BE26007EF632 /* Alamofire in Frameworks */ = {isa = PBXBuildFile; productRef = 3E6303492643BE26007EF632 /* Alamofire */; };
/* End PBXBuildFile section */

/* Begin PBXFileReference section */
		3E6303302643BDCA007EF632 /* packageResolvedSolution.app */ = {isa = PBXFileReference; explicitFileType = wrapper.application; includeInIndex = 0; path = packageResolvedSolution.app; sourceTree = BUILT_PRODUCTS_DIR; };
		3E6303332643BDCA007EF632 /* AppDelegate.swift */ = {isa = PBXFileReference; lastKnownFileType = sourcecode.swift; path = AppDelegate.swift; sourceTree = "<group>"; };
		3E6303352643BDCA007EF632 /* SceneDelegate.swift */ = {isa = PBXFileReference; lastKnownFileType = sourcecode.swift; path = SceneDelegate.swift; sourceTree = "<group>"; };
		3E6303372643BDCA007EF632 /* ViewController.swift */ = {isa = PBXFileReference; lastKnownFileType = sourcecode.swift; path = ViewController.swift; sourceTree = "<group>"; };
		3E63033A2643BDCA007EF632 /* Base */ = {isa = PBXFileReference; lastKnownFileType = file.storyboard; name = Base; path = Base.lproj/Main.storyboard; sourceTree = "<group>"; };
		3E63033C2643BDCC007EF632 /* Assets.xcassets */ = {isa = PBXFileReference; lastKnownFileType = folder.assetcatalog; path = Assets.xcassets; sourceTree = "<group>"; };
		3E63033F2643BDCC007EF632 /* Base */ = {isa = PBXFileReference; lastKnownFileType = file.storyboard; name = Base; path = Base.lproj/LaunchScreen.storyboard; sourceTree = "<group>"; };
		3E6303412643BDCC007EF632 /* Info.plist */ = {isa = PBXFileReference; lastKnownFileType = text.plist.xml; path = Info.plist; sourceTree = "<group>"; };
/* End PBXFileReference section */

/* Begin PBXFrameworksBuildPhase section */
		3E63032D2643BDCA007EF632 /* Frameworks */ = {
			isa = PBXFrameworksBuildPhase;
			buildActionMask = 2147483647;
			files = (
				3E63034A2643BE26007EF632 /* Alamofire in Frameworks */,
			);
			runOnlyForDeploymentPostprocessing = 0;
		};
/* End PBXFrameworksBuildPhase section */

/* Begin PBXGroup section */
		3E6303272643BDCA007EF632 = {
			isa = PBXGroup;
			children = (
				3E6303322643BDCA007EF632 /* packageResolvedSolution */,
				3E6303312643BDCA007EF632 /* Products */,
			);
			sourceTree = "<group>";
		};
		3E6303312643BDCA007EF632 /* Products */ = {
			isa = PBXGroup;
			children = (
				3E6303302643BDCA007EF632 /* packageResolvedSolution.app */,
			);
			name = Products;
			sourceTree = "<group>";
		};
		3E6303322643BDCA007EF632 /* packageResolvedSolution */ = {
			isa = PBXGroup;
			children = (
				3E6303332643BDCA007EF632 /* AppDelegate.swift */,
				3E6303352643BDCA007EF632 /* SceneDelegate.swift */,
				3E6303372643BDCA007EF632 /* ViewController.swift */,
				3E6303392643BDCA007EF632 /* Main.storyboard */,
				3E63033C2643BDCC007EF632 /* Assets.xcassets */,
				3E63033E2643BDCC007EF632 /* LaunchScreen.storyboard */,
				3E6303412643BDCC007EF632 /* Info.plist */,
			);
			path = packageResolvedSolution;
			sourceTree = "<group>";
		};
/* End PBXGroup section */

/* Begin PBXNativeTarget section */
		3E63032F2643BDCA007EF632 /* packageResolvedSolution */ = {
			isa = PBXNativeTarget;
			buildConfigurationList = 3E6303442643BDCC007EF632 /* Build configuration list for PBXNativeTarget "packageResolvedSolution" */;
			buildPhases = (
				3E63032C2643BDCA007EF632 /* Sources */,
				3E63032D2643BDCA007EF632 /* Frameworks */,
				3E63032E2643BDCA007EF632 /* Resources */,
			);
			buildRules = (
			);
			dependencies = (
			);
			name = packageResolvedSolution;
			packageProductDependencies = (
				3E6303492643BE26007EF632 /* Alamofire */,
			);
			productName = packageResolvedSolution;
			productReference = 3E6303302643BDCA007EF632 /* packageResolvedSolution.app */;
			productType = "com.apple.product-type.application";
		};
/* End PBXNativeTarget section */

/* Begin PBXProject section */
		3E6303282643BDCA007EF632 /* Project object */ = {
			isa = PBXProject;
			attributes = {
				LastSwiftUpdateCheck = 1240;
				LastUpgradeCheck = 1240;
				TargetAttributes = {
					3E63032F2643BDCA007EF632 = {
						CreatedOnToolsVersion = 12.4;
					};
				};
			};
			buildConfigurationList = 3E63032B2643BDCA007EF632 /* Build configuration list for PBXProject "packageResolvedSolution" */;
			compatibilityVersion = "Xcode 9.3";
			developmentRegion = en;
			hasScannedForEncodings = 0;
			knownRegions = (
				en,
				Base,
			);
			mainGroup = 3E6303272643BDCA007EF632;
			packageReferences = (
				3E6303482643BE26007EF632 /* XCRemoteSwiftPackageReference "Alamofire" */,
			);
			productRefGroup = 3E6303312643BDCA007EF632 /* Products */;
			projectDirPath = "";
			projectRoot = "";
			targets = (
				3E63032F2643BDCA007EF632 /* packageResolvedSolution */,
			);
		};
/* End PBXProject section */

/* Begin PBXResourcesBuildPhase section */
		3E63032E2643BDCA007EF632 /* Resources */ = {
			isa = PBXResourcesBuildPhase;
			buildActionMask = 2147483647;
			files = (
				3E6303402643BDCC007EF632 /* LaunchScreen.storyboard in Resources */,
				3E63033D2643BDCC007EF632 /* Assets.xcassets in Resources */,
				3E63033B2643BDCA007EF632 /* Main.storyboard in Resources */,
			);
			runOnlyForDeploymentPostprocessing = 0;
		};
/* End PBXResourcesBuildPhase section */

/* Begin PBXSourcesBuildPhase section */
		3E63032C2643BDCA007EF632 /* Sources */ = {
			isa = PBXSourcesBuildPhase;
			buildActionMask = 2147483647;
			files = (
				3E6303382643BDCA007EF632 /* ViewController.swift in Sources */,
				3E6303342643BDCA007EF632 /* AppDelegate.swift in Sources */,
				3E6303362643BDCA007EF632 /* SceneDelegate.swift in Sources */,
			);
			runOnlyForDeploymentPostprocessing = 0;
		};
/* End PBXSourcesBuildPhase section */

/* Begin PBXVariantGroup section */
		3E6303392643BDCA007EF632 /* Main.storyboard */ = {
			isa = PBXVariantGroup;
			children = (
				3E63033A2643BDCA007EF632 /* Base */,
			);
			name = Main.storyboard;
			sourceTree = "<group>";
		};
		3E63033E2643BDCC007EF632 /* LaunchScreen.storyboard */ = {
			isa = PBXVariantGroup;
			children = (
				3E63033F2643BDCC007EF632 /* Base */,
			);
			name = LaunchScreen.storyboard;
			sourceTree = "<group>";
		};
/* End PBXVariantGroup section */

/* Begin XCBuildConfiguration section */
		3E6303422643BDCC007EF632 /* Debug */ = {
			isa = XCBuildConfiguration;
			buildSettings = {
				ALWAYS_SEARCH_USER_PATHS = NO;
				CLANG_ANALYZER_NONNULL = YES;
				CLANG_ANALYZER_NUMBER_OBJECT_CONVERSION = YES_AGGRESSIVE;
				CLANG_CXX_LANGUAGE_STANDARD = "gnu++14";
				CLANG_CXX_LIBRARY = "libc++";
				CLANG_ENABLE_MODULES = YES;
				CLANG_ENABLE_OBJC_ARC = YES;
				CLANG_ENABLE_OBJC_WEAK = YES;
				CLANG_WARN_BLOCK_CAPTURE_AUTORELEASING = YES;
				CLANG_WARN_BOOL_CONVERSION = YES;
				CLANG_WARN_COMMA = YES;
				CLANG_WARN_CONSTANT_CONVERSION = YES;
				CLANG_WARN_DEPRECATED_OBJC_IMPLEMENTATIONS = YES;
				CLANG_WARN_DIRECT_OBJC_ISA_USAGE = YES_ERROR;
				CLANG_WARN_DOCUMENTATION_COMMENTS = YES;
				CLANG_WARN_EMPTY_BODY = YES;
				CLANG_WARN_ENUM_CONVERSION = YES;
				CLANG_WARN_INFINITE_RECURSION = YES;
				CLANG_WARN_INT_CONVERSION = YES;
				CLANG_WARN_NON_LITERAL_NULL_CONVERSION = YES;
				CLANG_WARN_OBJC_IMPLICIT_RETAIN_SELF = YES;
				CLANG_WARN_OBJC_LITERAL_CONVERSION = YES;
				CLANG_WARN_OBJC_ROOT_CLASS = YES_ERROR;
				CLANG_WARN_QUOTED_INCLUDE_IN_FRAMEWORK_HEADER = YES;
				CLANG_WARN_RANGE_LOOP_ANALYSIS = YES;
				CLANG_WARN_STRICT_PROTOTYPES = YES;
				CLANG_WARN_SUSPICIOUS_MOVE = YES;
				CLANG_WARN_UNGUARDED_AVAILABILITY = YES_AGGRESSIVE;
				CLANG_WARN_UNREACHABLE_CODE = YES;
				CLANG_WARN__DUPLICATE_METHOD_MATCH = YES;
				COPY_PHASE_STRIP = NO;
				DEBUG_INFORMATION_FORMAT = dwarf;
				ENABLE_STRICT_OBJC_MSGSEND = YES;
				ENABLE_TESTABILITY = YES;
				GCC_C_LANGUAGE_STANDARD = gnu11;
				GCC_DYNAMIC_NO_PIC = NO;
				GCC_NO_COMMON_BLOCKS = YES;
				GCC_OPTIMIZATION_LEVEL = 0;
				GCC_PREPROCESSOR_DEFINITIONS = (
					"DEBUG=1",
					"$(inherited)",
				);
				GCC_WARN_64_TO_32_BIT_CONVERSION = YES;
				GCC_WARN_ABOUT_RETURN_TYPE = YES_ERROR;
				GCC_WARN_UNDECLARED_SELECTOR = YES;
				GCC_WARN_UNINITIALIZED_AUTOS = YES_AGGRESSIVE;
				GCC_WARN_UNUSED_FUNCTION = YES;
				GCC_WARN_UNUSED_VARIABLE = YES;
				IPHONEOS_DEPLOYMENT_TARGET = 14.4;
				MTL_ENABLE_DEBUG_INFO = INCLUDE_SOURCE;
				MTL_FAST_MATH = YES;
				ONLY_ACTIVE_ARCH = YES;
				SDKROOT = iphoneos;
				SWIFT_ACTIVE_COMPILATION_CONDITIONS = DEBUG;
				SWIFT_OPTIMIZATION_LEVEL = "-Onone";
			};
			name = Debug;
		};
		3E6303432643BDCC007EF632 /* Release */ = {
			isa = XCBuildConfiguration;
			buildSettings = {
				ALWAYS_SEARCH_USER_PATHS = NO;
				CLANG_ANALYZER_NONNULL = YES;
				CLANG_ANALYZER_NUMBER_OBJECT_CONVERSION = YES_AGGRESSIVE;
				CLANG_CXX_LANGUAGE_STANDARD = "gnu++14";
				CLANG_CXX_LIBRARY = "libc++";
				CLANG_ENABLE_MODULES = YES;
				CLANG_ENABLE_OBJC_ARC = YES;
				CLANG_ENABLE_OBJC_WEAK = YES;
				CLANG_WARN_BLOCK_CAPTURE_AUTORELEASING = YES;
				CLANG_WARN_BOOL_CONVERSION = YES;
				CLANG_WARN_COMMA = YES;
				CLANG_WARN_CONSTANT_CONVERSION = YES;
				CLANG_WARN_DEPRECATED_OBJC_IMPLEMENTATIONS = YES;
				CLANG_WARN_DIRECT_OBJC_ISA_USAGE = YES_ERROR;
				CLANG_WARN_DOCUMENTATION_COMMENTS = YES;
				CLANG_WARN_EMPTY_BODY = YES;
				CLANG_WARN_ENUM_CONVERSION = YES;
				CLANG_WARN_INFINITE_RECURSION = YES;
				CLANG_WARN_INT_CONVERSION = YES;
				CLANG_WARN_NON_LITERAL_NULL_CONVERSION = YES;
				CLANG_WARN_OBJC_IMPLICIT_RETAIN_SELF = YES;
				CLANG_WARN_OBJC_LITERAL_CONVERSION = YES;
				CLANG_WARN_OBJC_ROOT_CLASS = YES_ERROR;
				CLANG_WARN_QUOTED_INCLUDE_IN_FRAMEWORK_HEADER = YES;
				CLANG_WARN_RANGE_LOOP_ANALYSIS = YES;
				CLANG_WARN_STRICT_PROTOTYPES = YES;
				CLANG_WARN_SUSPICIOUS_MOVE = YES;
				CLANG_WARN_UNGUARDED_AVAILABILITY = YES_AGGRESSIVE;
				CLANG_WARN_UNREACHABLE_CODE = YES;
				CLANG_WARN__DUPLICATE_METHOD_MATCH = YES;
				COPY_PHASE_STRIP = NO;
				DEBUG_INFORMATION_FORMAT = "dwarf-with-dsym";
				ENABLE_NS_ASSERTIONS = NO;
				ENABLE_STRICT_OBJC_MSGSEND = YES;
				GCC_C_LANGUAGE_STANDARD = gnu11;
				GCC_NO_COMMON_BLOCKS = YES;
				GCC_WARN_64_TO_32_BIT_CONVERSION = YES;
				GCC_WARN_ABOUT_RETURN_TYPE = YES_ERROR;
				GCC_WARN_UNDECLARED_SELECTOR = YES;
				GCC_WARN_UNINITIALIZED_AUTOS = YES_AGGRESSIVE;
				GCC_WARN_UNUSED_FUNCTION = YES;
				GCC_WARN_UNUSED_VARIABLE = YES;
				IPHONEOS_DEPLOYMENT_TARGET = 14.4;
				MTL_ENABLE_DEBUG_INFO = NO;
				MTL_FAST_MATH = YES;
				SDKROOT = iphoneos;
				SWIFT_COMPILATION_MODE = wholemodule;
				SWIFT_OPTIMIZATION_LEVEL = "-O";
				VALIDATE_PRODUCT = YES;
			};
			name = Release;
		};
		3E6303452643BDCC007EF632 /* Debug */ = {
			isa = XCBuildConfiguration;
			buildSettings = {
				ASSETCATALOG_COMPILER_APPICON_NAME = AppIcon;
				ASSETCATALOG_COMPILER_GLOBAL_ACCENT_COLOR_NAME = AccentColor;
				CODE_SIGN_STYLE = Automatic;
				INFOPLIST_FILE = packageResolvedSolution/Info.plist;
				LD_RUNPATH_SEARCH_PATHS = (
					"$(inherited)",
					"@executable_path/Frameworks",
				);
				PRODUCT_BUNDLE_IDENTIFIER = com.ua.app.packageResolvedSolution;
				PRODUCT_NAME = "$(TARGET_NAME)";
				SWIFT_VERSION = 5.0;
				TARGETED_DEVICE_FAMILY = "1,2";
			};
			name = Debug;
		};
		3E6303462643BDCC007EF632 /* Release */ = {
			isa = XCBuildConfiguration;
			buildSettings = {
				ASSETCATALOG_COMPILER_APPICON_NAME = AppIcon;
				ASSETCATALOG_COMPILER_GLOBAL_ACCENT_COLOR_NAME = AccentColor;
				CODE_SIGN_STYLE = Automatic;
				INFOPLIST_FILE = packageResolvedSolution/Info.plist;
				LD_RUNPATH_SEARCH_PATHS = (
					"$(inherited)",
					"@executable_path/Frameworks",
				);
				PRODUCT_BUNDLE_IDENTIFIER = com.ua.app.packageResolvedSolution;
				PRODUCT_NAME = "$(TARGET_NAME)";
				SWIFT_VERSION = 5.0;
				TARGETED_DEVICE_FAMILY = "1,2";
			};
			name = Release;
		};
/* End XCBuildConfiguration section */

/* Begin XCConfigurationList section */
		3E63032B2643BDCA007EF632 /* Build configuration list for PBXProject "packageResolvedSolution" */ = {
			isa = XCConfigurationList;
			buildConfigurations = (
				3E6303422643BDCC007EF632 /* Debug */,
				3E6303432643BDCC007EF632 /* Release */,
			);
			defaultConfigurationIsVisible = 0;
			defaultConfigurationName = Release;
		};
		3E6303442643BDCC007EF632 /* Build configuration list for PBXNativeTarget "packageResolvedSolution" */ = {
			isa = XCConfigurationList;
			buildConfigurations = (
				3E6303452643BDCC007EF632 /* Debug */,
				3E6303462643BDCC007EF632 /* Release */,
			);
			defaultConfigurationIsVisible = 0;
			defaultConfigurationName = Release;
		};
/* End XCConfigurationList section */

/* Begin XCRemoteSwiftPackageReference section */
		3E6303482643BE26007EF632 /* XCRemoteSwiftPackageReference "Alamofire" */ = {
			isa = XCRemoteSwiftPackageReference;
			repositoryURL = "https://github.com/Alamofire/Alamofire.git";
			requirement = {
				kind = upToNextMajorVersion;
				minimumVersion = 5.0.0;
			};
		};
/* End XCRemoteSwiftPackageReference section */

/* Begin XCSwiftPackageProductDependency section */
		3E6303492643BE26007EF632 /* Alamofire */ = {
			isa = XCSwiftPackageProductDependency;
			package = 3E6303482643BE26007EF632 /* XCRemoteSwiftPackageReference "Alamofire" */;
			productName = Alamofire;
		};
/* End XCSwiftPackageProductDependency section */
	};
	rootObject = 3E6303282643BDCA007EF632 /* Project object */;
}
